
Microsoft Visual Studio Solution File, Format Version 12.00
# Visual Studio Version 16
VisualStudioVersion = 16.0.30204.135
MinimumVisualStudioVersion = 10.0.40219.1
Project("{9A19103F-16F7-4668-BE54-9A1E7A4F7556}") = "Elementa", "Elementa\Elementa.csproj", "{2FA67B37-61A1-4043-9D7E-4F8E7F6D8EE3}"
EndProject
Project("{9A19103F-16F7-4668-BE54-9A1E7A4F7556}") = "NUnitTests", "NUnitTests\src\NUnitTests.csproj", "{73DE3C85-7476-44B3-ABE1-0BD75101F1A6}"
EndProject
Global
	GlobalSection(SolutionConfigurationPlatforms) = preSolution
		Debug|Any CPU = Debug|Any CPU
		Release|Any CPU = Release|Any CPU
	EndGlobalSection
	GlobalSection(ProjectConfigurationPlatforms) = postSolution
		{2FA67B37-61A1-4043-9D7E-4F8E7F6D8EE3}.Debug|Any CPU.ActiveCfg = Debug|Any CPU
		{2FA67B37-61A1-4043-9D7E-4F8E7F6D8EE3}.Debug|Any CPU.Build.0 = Debug|Any CPU
		{2FA67B37-61A1-4043-9D7E-4F8E7F6D8EE3}.Release|Any CPU.ActiveCfg = Release|Any CPU
		{2FA67B37-61A1-4043-9D7E-4F8E7F6D8EE3}.Release|Any CPU.Build.0 = Release|Any CPU
		{73DE3C85-7476-44B3-ABE1-0BD75101F1A6}.Debug|Any CPU.ActiveCfg = Debug|Any CPU
		{73DE3C85-7476-44B3-ABE1-0BD75101F1A6}.Debug|Any CPU.Build.0 = Debug|Any CPU
		{73DE3C85-7476-44B3-ABE1-0BD75101F1A6}.Release|Any CPU.ActiveCfg = Release|Any CPU
		{73DE3C85-7476-44B3-ABE1-0BD75101F1A6}.Release|Any CPU.Build.0 = Release|Any CPU
	EndGlobalSection
	GlobalSection(SolutionProperties) = preSolution
		HideSolutionNode = FALSE
	EndGlobalSection
	GlobalSection(ExtensibilityGlobals) = postSolution
		SolutionGuid = {28C0FD8A-D9C3-4EC7-AD44-A97D5295E688}
	EndGlobalSection
EndGlobal
